// !$*UTF8*$!
{
	archiveVersion = 1;
	classes = {
	};
	objectVersion = 51;
	objects = {

/* Begin PBXBuildFile section */
		592B5C391C8AB48491C4CECB /* Pods_ARChemy.framework in Frameworks */ = {isa = PBXBuildFile; fileRef = 6FEF04F78DD18DF92B813A32 /* Pods_ARChemy.framework */; };
		7532C9FB25B2C5E200923D94 /* TabBarViewController.swift in Sources */ = {isa = PBXBuildFile; fileRef = 7532C9FA25B2C5E200923D94 /* TabBarViewController.swift */; };
		756D5D8825A972630028BD33 /* ARModeViewController.swift in Sources */ = {isa = PBXBuildFile; fileRef = 756D5D8725A972630028BD33 /* ARModeViewController.swift */; };
		756D5D8B25A974720028BD33 /* LatihanViewController.swift in Sources */ = {isa = PBXBuildFile; fileRef = 756D5D8A25A974720028BD33 /* LatihanViewController.swift */; };
		756D5D8F25A974950028BD33 /* LatihanTableViewCell.swift in Sources */ = {isa = PBXBuildFile; fileRef = 756D5D8D25A974950028BD33 /* LatihanTableViewCell.swift */; };
		756D5D9025A974950028BD33 /* LatihanTableViewCell.xib in Resources */ = {isa = PBXBuildFile; fileRef = 756D5D8E25A974950028BD33 /* LatihanTableViewCell.xib */; };
		756D5D9525A9786B0028BD33 /* MateriTableViewCell.swift in Sources */ = {isa = PBXBuildFile; fileRef = 756D5D9325A9786B0028BD33 /* MateriTableViewCell.swift */; };
		756D5D9625A9786B0028BD33 /* MateriTableViewCell.xib in Resources */ = {isa = PBXBuildFile; fileRef = 756D5D9425A9786B0028BD33 /* MateriTableViewCell.xib */; };
		756D5D9925A9787D0028BD33 /* MateriViewController.swift in Sources */ = {isa = PBXBuildFile; fileRef = 756D5D9825A9787D0028BD33 /* MateriViewController.swift */; };
		9D2F875925B1E32600D54C30 /* OnboardingViewController.swift in Sources */ = {isa = PBXBuildFile; fileRef = 9D2F875825B1E32600D54C30 /* OnboardingViewController.swift */; };
		9D3A1C5325AD6A230064B9F0 /* Description.swift in Sources */ = {isa = PBXBuildFile; fileRef = 9D3A1C5025AD6A230064B9F0 /* Description.swift */; };
		9D3A1C5425AD6A230064B9F0 /* DescriptionViewController.swift in Sources */ = {isa = PBXBuildFile; fileRef = 9D3A1C5125AD6A230064B9F0 /* DescriptionViewController.swift */; };
		9D3A1C5525AD6A230064B9F0 /* Description.xib in Resources */ = {isa = PBXBuildFile; fileRef = 9D3A1C5225AD6A230064B9F0 /* Description.xib */; };
		9D3A1C9325B02E6C0064B9F0 /* Teacher.swift in Sources */ = {isa = PBXBuildFile; fileRef = 9D3A1C9225B02E6C0064B9F0 /* Teacher.swift */; };
		9D3A1C9725B02FA30064B9F0 /* Question.swift in Sources */ = {isa = PBXBuildFile; fileRef = 9D3A1C9625B02FA30064B9F0 /* Question.swift */; };
		9D3A1C9A25B0324F0064B9F0 /* Material.swift in Sources */ = {isa = PBXBuildFile; fileRef = 9D3A1C9925B0324F0064B9F0 /* Material.swift */; };
		9D3A1CA025B032CE0064B9F0 /* CloudKit.framework in Frameworks */ = {isa = PBXBuildFile; fileRef = 9D3A1C9F25B032CE0064B9F0 /* CloudKit.framework */; };
		9D3A1CA425B035230064B9F0 /* LoginViewController.swift in Sources */ = {isa = PBXBuildFile; fileRef = 9D3A1CA325B035230064B9F0 /* LoginViewController.swift */; };
		9D3A1CA825B042FB0064B9F0 /* AdminHomeViewController.swift in Sources */ = {isa = PBXBuildFile; fileRef = 9D3A1CA725B042FB0064B9F0 /* AdminHomeViewController.swift */; };
		9D3A1CAB25B045C10064B9F0 /* NewLatihanViewController.swift in Sources */ = {isa = PBXBuildFile; fileRef = 9D3A1CAA25B045C10064B9F0 /* NewLatihanViewController.swift */; };
		9D3A1CB125B0551C0064B9F0 /* NewMateriViewController.swift in Sources */ = {isa = PBXBuildFile; fileRef = 9D3A1CB025B0551C0064B9F0 /* NewMateriViewController.swift */; };
		9D3A1CFB25B14E670064B9F0 /* GoogleService-Info.plist in Resources */ = {isa = PBXBuildFile; fileRef = 9D3A1CFA25B14E670064B9F0 /* GoogleService-Info.plist */; };
		9D3BA525257417D300E866A6 /* AppDelegate.swift in Sources */ = {isa = PBXBuildFile; fileRef = 9D3BA524257417D300E866A6 /* AppDelegate.swift */; };
		9D3BA527257417D300E866A6 /* art.scnassets in Resources */ = {isa = PBXBuildFile; fileRef = 9D3BA526257417D300E866A6 /* art.scnassets */; };
		9D3BA529257417D300E866A6 /* ViewController.swift in Sources */ = {isa = PBXBuildFile; fileRef = 9D3BA528257417D300E866A6 /* ViewController.swift */; };
		9D3BA52C257417D300E866A6 /* Main.storyboard in Resources */ = {isa = PBXBuildFile; fileRef = 9D3BA52A257417D300E866A6 /* Main.storyboard */; };
		9D3BA52E257417D400E866A6 /* Assets.xcassets in Resources */ = {isa = PBXBuildFile; fileRef = 9D3BA52D257417D400E866A6 /* Assets.xcassets */; };
		9D3BA531257417D400E866A6 /* LaunchScreen.storyboard in Resources */ = {isa = PBXBuildFile; fileRef = 9D3BA52F257417D400E866A6 /* LaunchScreen.storyboard */; };
		9D5ACEDA25B1AA4C00C76623 /* ContentMateriViewController.swift in Sources */ = {isa = PBXBuildFile; fileRef = 9D5ACED925B1AA4C00C76623 /* ContentMateriViewController.swift */; };
		9D5ACEDD25B1B79800C76623 /* QuizzViewController.swift in Sources */ = {isa = PBXBuildFile; fileRef = 9D5ACEDC25B1B79800C76623 /* QuizzViewController.swift */; };
		9D67134425A87F8A00935A60 /* ElementModel.swift in Sources */ = {isa = PBXBuildFile; fileRef = 9D67134325A87F8A00935A60 /* ElementModel.swift */; };
		9D6F8384258FC87000FB4821 /* ARChemy.xcdatamodeld in Sources */ = {isa = PBXBuildFile; fileRef = 9D6F8382258FC87000FB4821 /* ARChemy.xcdatamodeld */; };
		9D6F83872590581C00FB4821 /* Helper.swift in Sources */ = {isa = PBXBuildFile; fileRef = 9D6F83862590581C00FB4821 /* Helper.swift */; };
		9DC8246C25B2FEAD00F7357C /* ReaksiTableViewCell.swift in Sources */ = {isa = PBXBuildFile; fileRef = 9DC8246A25B2FEAD00F7357C /* ReaksiTableViewCell.swift */; };
		9DC8246D25B2FEAD00F7357C /* ReaksiTableViewCell.xib in Resources */ = {isa = PBXBuildFile; fileRef = 9DC8246B25B2FEAD00F7357C /* ReaksiTableViewCell.xib */; };
		9DCF6C0725741B72001B55D4 /* ARView.swift in Sources */ = {isa = PBXBuildFile; fileRef = 9DCF6C0625741B72001B55D4 /* ARView.swift */; };
		9DCF6C0F25741B87001B55D4 /* InitViewController.swift in Sources */ = {isa = PBXBuildFile; fileRef = 9DCF6C0C25741B87001B55D4 /* InitViewController.swift */; };
/* End PBXBuildFile section */

/* Begin PBXFileReference section */
		4E28D05844775AA6A5E0C738 /* Pods-ARChemy.release.xcconfig */ = {isa = PBXFileReference; includeInIndex = 1; lastKnownFileType = text.xcconfig; name = "Pods-ARChemy.release.xcconfig"; path = "Target Support Files/Pods-ARChemy/Pods-ARChemy.release.xcconfig"; sourceTree = "<group>"; };
		6FEF04F78DD18DF92B813A32 /* Pods_ARChemy.framework */ = {isa = PBXFileReference; explicitFileType = wrapper.framework; includeInIndex = 0; path = Pods_ARChemy.framework; sourceTree = BUILT_PRODUCTS_DIR; };
		7532C9FA25B2C5E200923D94 /* TabBarViewController.swift */ = {isa = PBXFileReference; lastKnownFileType = sourcecode.swift; path = TabBarViewController.swift; sourceTree = "<group>"; };
		756D5D8725A972630028BD33 /* ARModeViewController.swift */ = {isa = PBXFileReference; lastKnownFileType = sourcecode.swift; path = ARModeViewController.swift; sourceTree = "<group>"; };
		756D5D8A25A974720028BD33 /* LatihanViewController.swift */ = {isa = PBXFileReference; lastKnownFileType = sourcecode.swift; path = LatihanViewController.swift; sourceTree = "<group>"; };
		756D5D8D25A974950028BD33 /* LatihanTableViewCell.swift */ = {isa = PBXFileReference; lastKnownFileType = sourcecode.swift; path = LatihanTableViewCell.swift; sourceTree = "<group>"; };
		756D5D8E25A974950028BD33 /* LatihanTableViewCell.xib */ = {isa = PBXFileReference; lastKnownFileType = file.xib; path = LatihanTableViewCell.xib; sourceTree = "<group>"; };
		756D5D9325A9786B0028BD33 /* MateriTableViewCell.swift */ = {isa = PBXFileReference; lastKnownFileType = sourcecode.swift; path = MateriTableViewCell.swift; sourceTree = "<group>"; };
		756D5D9425A9786B0028BD33 /* MateriTableViewCell.xib */ = {isa = PBXFileReference; lastKnownFileType = file.xib; path = MateriTableViewCell.xib; sourceTree = "<group>"; };
		756D5D9825A9787D0028BD33 /* MateriViewController.swift */ = {isa = PBXFileReference; lastKnownFileType = sourcecode.swift; path = MateriViewController.swift; sourceTree = "<group>"; };
		9D2F875825B1E32600D54C30 /* OnboardingViewController.swift */ = {isa = PBXFileReference; lastKnownFileType = sourcecode.swift; path = OnboardingViewController.swift; sourceTree = "<group>"; };
		9D3A1C5025AD6A230064B9F0 /* Description.swift */ = {isa = PBXFileReference; fileEncoding = 4; lastKnownFileType = sourcecode.swift; path = Description.swift; sourceTree = "<group>"; };
		9D3A1C5125AD6A230064B9F0 /* DescriptionViewController.swift */ = {isa = PBXFileReference; fileEncoding = 4; lastKnownFileType = sourcecode.swift; path = DescriptionViewController.swift; sourceTree = "<group>"; };
		9D3A1C5225AD6A230064B9F0 /* Description.xib */ = {isa = PBXFileReference; fileEncoding = 4; lastKnownFileType = file.xib; path = Description.xib; sourceTree = "<group>"; };
		9D3A1C9225B02E6C0064B9F0 /* Teacher.swift */ = {isa = PBXFileReference; lastKnownFileType = sourcecode.swift; path = Teacher.swift; sourceTree = "<group>"; };
		9D3A1C9625B02FA30064B9F0 /* Question.swift */ = {isa = PBXFileReference; lastKnownFileType = sourcecode.swift; path = Question.swift; sourceTree = "<group>"; };
		9D3A1C9925B0324F0064B9F0 /* Material.swift */ = {isa = PBXFileReference; lastKnownFileType = sourcecode.swift; path = Material.swift; sourceTree = "<group>"; };
		9D3A1C9C25B032C80064B9F0 /* ARChemy.entitlements */ = {isa = PBXFileReference; lastKnownFileType = text.plist.entitlements; path = ARChemy.entitlements; sourceTree = "<group>"; };
		9D3A1C9F25B032CE0064B9F0 /* CloudKit.framework */ = {isa = PBXFileReference; lastKnownFileType = wrapper.framework; name = CloudKit.framework; path = System/Library/Frameworks/CloudKit.framework; sourceTree = SDKROOT; };
		9D3A1CA325B035230064B9F0 /* LoginViewController.swift */ = {isa = PBXFileReference; lastKnownFileType = sourcecode.swift; path = LoginViewController.swift; sourceTree = "<group>"; };
		9D3A1CA725B042FB0064B9F0 /* AdminHomeViewController.swift */ = {isa = PBXFileReference; lastKnownFileType = sourcecode.swift; path = AdminHomeViewController.swift; sourceTree = "<group>"; };
		9D3A1CAA25B045C10064B9F0 /* NewLatihanViewController.swift */ = {isa = PBXFileReference; lastKnownFileType = sourcecode.swift; path = NewLatihanViewController.swift; sourceTree = "<group>"; };
		9D3A1CB025B0551C0064B9F0 /* NewMateriViewController.swift */ = {isa = PBXFileReference; lastKnownFileType = sourcecode.swift; path = NewMateriViewController.swift; sourceTree = "<group>"; };
		9D3A1CFA25B14E670064B9F0 /* GoogleService-Info.plist */ = {isa = PBXFileReference; fileEncoding = 4; lastKnownFileType = text.plist.xml; path = "GoogleService-Info.plist"; sourceTree = "<group>"; };
		9D3BA521257417D300E866A6 /* ARChemy.app */ = {isa = PBXFileReference; explicitFileType = wrapper.application; includeInIndex = 0; path = ARChemy.app; sourceTree = BUILT_PRODUCTS_DIR; };
		9D3BA524257417D300E866A6 /* AppDelegate.swift */ = {isa = PBXFileReference; lastKnownFileType = sourcecode.swift; path = AppDelegate.swift; sourceTree = "<group>"; };
		9D3BA526257417D300E866A6 /* art.scnassets */ = {isa = PBXFileReference; lastKnownFileType = wrapper.scnassets; path = art.scnassets; sourceTree = "<group>"; };
		9D3BA528257417D300E866A6 /* ViewController.swift */ = {isa = PBXFileReference; lastKnownFileType = sourcecode.swift; path = ViewController.swift; sourceTree = "<group>"; };
		9D3BA52B257417D300E866A6 /* Base */ = {isa = PBXFileReference; lastKnownFileType = file.storyboard; name = Base; path = Base.lproj/Main.storyboard; sourceTree = "<group>"; };
		9D3BA52D257417D400E866A6 /* Assets.xcassets */ = {isa = PBXFileReference; lastKnownFileType = folder.assetcatalog; path = Assets.xcassets; sourceTree = "<group>"; };
		9D3BA530257417D400E866A6 /* Base */ = {isa = PBXFileReference; lastKnownFileType = file.storyboard; name = Base; path = Base.lproj/LaunchScreen.storyboard; sourceTree = "<group>"; };
		9D3BA532257417D400E866A6 /* Info.plist */ = {isa = PBXFileReference; lastKnownFileType = text.plist.xml; path = Info.plist; sourceTree = "<group>"; };
		9D5ACED925B1AA4C00C76623 /* ContentMateriViewController.swift */ = {isa = PBXFileReference; lastKnownFileType = sourcecode.swift; path = ContentMateriViewController.swift; sourceTree = "<group>"; };
		9D5ACEDC25B1B79800C76623 /* QuizzViewController.swift */ = {isa = PBXFileReference; lastKnownFileType = sourcecode.swift; path = QuizzViewController.swift; sourceTree = "<group>"; };
		9D67134325A87F8A00935A60 /* ElementModel.swift */ = {isa = PBXFileReference; lastKnownFileType = sourcecode.swift; path = ElementModel.swift; sourceTree = "<group>"; };
		9D6F8383258FC87000FB4821 /* ARChemy.xcdatamodel */ = {isa = PBXFileReference; lastKnownFileType = wrapper.xcdatamodel; path = ARChemy.xcdatamodel; sourceTree = "<group>"; };
		9D6F83862590581C00FB4821 /* Helper.swift */ = {isa = PBXFileReference; lastKnownFileType = sourcecode.swift; path = Helper.swift; sourceTree = "<group>"; };
		9DC8246A25B2FEAD00F7357C /* ReaksiTableViewCell.swift */ = {isa = PBXFileReference; lastKnownFileType = sourcecode.swift; path = ReaksiTableViewCell.swift; sourceTree = "<group>"; };
		9DC8246B25B2FEAD00F7357C /* ReaksiTableViewCell.xib */ = {isa = PBXFileReference; lastKnownFileType = file.xib; path = ReaksiTableViewCell.xib; sourceTree = "<group>"; };
		9DCF6C0625741B72001B55D4 /* ARView.swift */ = {isa = PBXFileReference; fileEncoding = 4; lastKnownFileType = sourcecode.swift; path = ARView.swift; sourceTree = "<group>"; };
		9DCF6C0C25741B87001B55D4 /* InitViewController.swift */ = {isa = PBXFileReference; fileEncoding = 4; lastKnownFileType = sourcecode.swift; path = InitViewController.swift; sourceTree = "<group>"; };
		F86D4C6AF6C3C6F875F7D0A2 /* Pods-ARChemy.debug.xcconfig */ = {isa = PBXFileReference; includeInIndex = 1; lastKnownFileType = text.xcconfig; name = "Pods-ARChemy.debug.xcconfig"; path = "Target Support Files/Pods-ARChemy/Pods-ARChemy.debug.xcconfig"; sourceTree = "<group>"; };
/* End PBXFileReference section */

/* Begin PBXFrameworksBuildPhase section */
		9D3BA51E257417D300E866A6 /* Frameworks */ = {
			isa = PBXFrameworksBuildPhase;
			buildActionMask = 2147483647;
			files = (
				9D3A1CA025B032CE0064B9F0 /* CloudKit.framework in Frameworks */,
				592B5C391C8AB48491C4CECB /* Pods_ARChemy.framework in Frameworks */,
			);
			runOnlyForDeploymentPostprocessing = 0;
		};
/* End PBXFrameworksBuildPhase section */

/* Begin PBXGroup section */
		756D5D8425A971D60028BD33 /* ARMode Pages */ = {
			isa = PBXGroup;
			children = (
				756D5D8725A972630028BD33 /* ARModeViewController.swift */,
			);
			path = "ARMode Pages";
			sourceTree = "<group>";
		};
		756D5D8525A971F20028BD33 /* Latihan Pages */ = {
			isa = PBXGroup;
			children = (
				756D5D8A25A974720028BD33 /* LatihanViewController.swift */,
				756D5D8D25A974950028BD33 /* LatihanTableViewCell.swift */,
				756D5D8E25A974950028BD33 /* LatihanTableViewCell.xib */,
				9D5ACEDC25B1B79800C76623 /* QuizzViewController.swift */,
			);
			path = "Latihan Pages";
			sourceTree = "<group>";
		};
		756D5D8625A971FC0028BD33 /* Materi Pages */ = {
			isa = PBXGroup;
			children = (
				756D5D9325A9786B0028BD33 /* MateriTableViewCell.swift */,
				756D5D9425A9786B0028BD33 /* MateriTableViewCell.xib */,
				756D5D9825A9787D0028BD33 /* MateriViewController.swift */,
				9D5ACED925B1AA4C00C76623 /* ContentMateriViewController.swift */,
			);
			path = "Materi Pages";
			sourceTree = "<group>";
		};
		8B35FFEE180BFEF62897BB20 /* Pods */ = {
			isa = PBXGroup;
			children = (
				F86D4C6AF6C3C6F875F7D0A2 /* Pods-ARChemy.debug.xcconfig */,
				4E28D05844775AA6A5E0C738 /* Pods-ARChemy.release.xcconfig */,
			);
			path = Pods;
			sourceTree = "<group>";
		};
		9D3A1C4F25AD6A230064B9F0 /* DescriptionView */ = {
			isa = PBXGroup;
			children = (
				9D3A1C5025AD6A230064B9F0 /* Description.swift */,
				9D3A1C5125AD6A230064B9F0 /* DescriptionViewController.swift */,
				9D3A1C5225AD6A230064B9F0 /* Description.xib */,
				9DC8246A25B2FEAD00F7357C /* ReaksiTableViewCell.swift */,
				9DC8246B25B2FEAD00F7357C /* ReaksiTableViewCell.xib */,
			);
			path = DescriptionView;
			sourceTree = "<group>";
		};
		9D3A1C9E25B032CE0064B9F0 /* Frameworks */ = {
			isa = PBXGroup;
			children = (
				9D3A1C9F25B032CE0064B9F0 /* CloudKit.framework */,
				6FEF04F78DD18DF92B813A32 /* Pods_ARChemy.framework */,
			);
			name = Frameworks;
			sourceTree = "<group>";
		};
		9D3A1CA225B034FE0064B9F0 /* Admin */ = {
			isa = PBXGroup;
			children = (
				9D3A1CA325B035230064B9F0 /* LoginViewController.swift */,
				9D3A1CA725B042FB0064B9F0 /* AdminHomeViewController.swift */,
				9D3A1CAA25B045C10064B9F0 /* NewLatihanViewController.swift */,
				9D3A1CB025B0551C0064B9F0 /* NewMateriViewController.swift */,
			);
			path = Admin;
			sourceTree = "<group>";
		};
		9D3BA518257417D300E866A6 = {
			isa = PBXGroup;
			children = (
				9D3BA523257417D300E866A6 /* ARChemy */,
				9D3BA522257417D300E866A6 /* Products */,
				9D3A1C9E25B032CE0064B9F0 /* Frameworks */,
				8B35FFEE180BFEF62897BB20 /* Pods */,
			);
			sourceTree = "<group>";
		};
		9D3BA522257417D300E866A6 /* Products */ = {
			isa = PBXGroup;
			children = (
				9D3BA521257417D300E866A6 /* ARChemy.app */,
			);
			name = Products;
			sourceTree = "<group>";
		};
		9D3BA523257417D300E866A6 /* ARChemy */ = {
			isa = PBXGroup;
			children = (
				9D3A1C9C25B032C80064B9F0 /* ARChemy.entitlements */,
				9D67134225A87F7C00935A60 /* Model */,
				9DCF6C0525741B72001B55D4 /* ARVIew */,
				9D3A1CA225B034FE0064B9F0 /* Admin */,
				9DCF6C0925741B86001B55D4 /* View */,
				9D3BA524257417D300E866A6 /* AppDelegate.swift */,
				9D3BA526257417D300E866A6 /* art.scnassets */,
				9D3BA528257417D300E866A6 /* ViewController.swift */,
				9D3BA52A257417D300E866A6 /* Main.storyboard */,
				9D3BA52D257417D400E866A6 /* Assets.xcassets */,
				9D3BA52F257417D400E866A6 /* LaunchScreen.storyboard */,
				9D3BA532257417D400E866A6 /* Info.plist */,
				9D6F8382258FC87000FB4821 /* ARChemy.xcdatamodeld */,
				9D3A1CFA25B14E670064B9F0 /* GoogleService-Info.plist */,
				9D6F83862590581C00FB4821 /* Helper.swift */,
			);
			path = ARChemy;
			sourceTree = "<group>";
		};
		9D67134225A87F7C00935A60 /* Model */ = {
			isa = PBXGroup;
			children = (
				9D67134325A87F8A00935A60 /* ElementModel.swift */,
				9D3A1C9225B02E6C0064B9F0 /* Teacher.swift */,
				9D3A1C9625B02FA30064B9F0 /* Question.swift */,
				9D3A1C9925B0324F0064B9F0 /* Material.swift */,
			);
			path = Model;
			sourceTree = "<group>";
		};
		9DCF6C0525741B72001B55D4 /* ARVIew */ = {
			isa = PBXGroup;
			children = (
				9DCF6C0625741B72001B55D4 /* ARView.swift */,
			);
			path = ARVIew;
			sourceTree = "<group>";
		};
		9DCF6C0925741B86001B55D4 /* View */ = {
			isa = PBXGroup;
			children = (
				756D5D8625A971FC0028BD33 /* Materi Pages */,
				756D5D8525A971F20028BD33 /* Latihan Pages */,
				756D5D8425A971D60028BD33 /* ARMode Pages */,
				9D3A1C4F25AD6A230064B9F0 /* DescriptionView */,
				9DCF6C0C25741B87001B55D4 /* InitViewController.swift */,
				9D2F875825B1E32600D54C30 /* OnboardingViewController.swift */,
				7532C9FA25B2C5E200923D94 /* TabBarViewController.swift */,
			);
			path = View;
			sourceTree = "<group>";
		};
/* End PBXGroup section */

/* Begin PBXNativeTarget section */
		9D3BA520257417D300E866A6 /* ARChemy */ = {
			isa = PBXNativeTarget;
			buildConfigurationList = 9D3BA535257417D400E866A6 /* Build configuration list for PBXNativeTarget "ARChemy" */;
			buildPhases = (
				E712945DF6AE5B3C619783D4 /* [CP] Check Pods Manifest.lock */,
				9D3BA51D257417D300E866A6 /* Sources */,
				9D3BA51E257417D300E866A6 /* Frameworks */,
				9D3BA51F257417D300E866A6 /* Resources */,
				2D11F508C8A3FF1D77B8EE30 /* [CP] Embed Pods Frameworks */,
			);
			buildRules = (
			);
			dependencies = (
			);
			name = ARChemy;
			productName = ARChemy;
			productReference = 9D3BA521257417D300E866A6 /* ARChemy.app */;
			productType = "com.apple.product-type.application";
		};
/* End PBXNativeTarget section */

/* Begin PBXProject section */
		9D3BA519257417D300E866A6 /* Project object */ = {
			isa = PBXProject;
			attributes = {
				LastSwiftUpdateCheck = 1220;
				LastUpgradeCheck = 1220;
				TargetAttributes = {
					9D3BA520257417D300E866A6 = {
						CreatedOnToolsVersion = 12.2;
					};
				};
			};
			buildConfigurationList = 9D3BA51C257417D300E866A6 /* Build configuration list for PBXProject "ARChemy" */;
			compatibilityVersion = "Xcode 9.3";
			developmentRegion = en;
			hasScannedForEncodings = 0;
			knownRegions = (
				en,
				Base,
			);
			mainGroup = 9D3BA518257417D300E866A6;
			productRefGroup = 9D3BA522257417D300E866A6 /* Products */;
			projectDirPath = "";
			projectRoot = "";
			targets = (
				9D3BA520257417D300E866A6 /* ARChemy */,
			);
		};
/* End PBXProject section */

/* Begin PBXResourcesBuildPhase section */
		9D3BA51F257417D300E866A6 /* Resources */ = {
			isa = PBXResourcesBuildPhase;
			buildActionMask = 2147483647;
			files = (
				9D3BA527257417D300E866A6 /* art.scnassets in Resources */,
				9D3A1CFB25B14E670064B9F0 /* GoogleService-Info.plist in Resources */,
				756D5D9625A9786B0028BD33 /* MateriTableViewCell.xib in Resources */,
				9D3BA531257417D400E866A6 /* LaunchScreen.storyboard in Resources */,
				9DC8246D25B2FEAD00F7357C /* ReaksiTableViewCell.xib in Resources */,
				9D3BA52E257417D400E866A6 /* Assets.xcassets in Resources */,
				9D3BA52C257417D300E866A6 /* Main.storyboard in Resources */,
				756D5D9025A974950028BD33 /* LatihanTableViewCell.xib in Resources */,
				9D3A1C5525AD6A230064B9F0 /* Description.xib in Resources */,
			);
			runOnlyForDeploymentPostprocessing = 0;
		};
/* End PBXResourcesBuildPhase section */

/* Begin PBXShellScriptBuildPhase section */
		2D11F508C8A3FF1D77B8EE30 /* [CP] Embed Pods Frameworks */ = {
			isa = PBXShellScriptBuildPhase;
			buildActionMask = 2147483647;
			files = (
			);
			inputFileListPaths = (
				"${PODS_ROOT}/Target Support Files/Pods-ARChemy/Pods-ARChemy-frameworks-${CONFIGURATION}-input-files.xcfilelist",
			);
			name = "[CP] Embed Pods Frameworks";
			outputFileListPaths = (
				"${PODS_ROOT}/Target Support Files/Pods-ARChemy/Pods-ARChemy-frameworks-${CONFIGURATION}-output-files.xcfilelist",
			);
			runOnlyForDeploymentPostprocessing = 0;
			shellPath = /bin/sh;
			shellScript = "\"${PODS_ROOT}/Target Support Files/Pods-ARChemy/Pods-ARChemy-frameworks.sh\"\n";
			showEnvVarsInLog = 0;
		};
		E712945DF6AE5B3C619783D4 /* [CP] Check Pods Manifest.lock */ = {
			isa = PBXShellScriptBuildPhase;
			buildActionMask = 2147483647;
			files = (
			);
			inputFileListPaths = (
			);
			inputPaths = (
				"${PODS_PODFILE_DIR_PATH}/Podfile.lock",
				"${PODS_ROOT}/Manifest.lock",
			);
			name = "[CP] Check Pods Manifest.lock";
			outputFileListPaths = (
			);
			outputPaths = (
				"$(DERIVED_FILE_DIR)/Pods-ARChemy-checkManifestLockResult.txt",
			);
			runOnlyForDeploymentPostprocessing = 0;
			shellPath = /bin/sh;
			shellScript = "diff \"${PODS_PODFILE_DIR_PATH}/Podfile.lock\" \"${PODS_ROOT}/Manifest.lock\" > /dev/null\nif [ $? != 0 ] ; then\n    # print error to STDERR\n    echo \"error: The sandbox is not in sync with the Podfile.lock. Run 'pod install' or update your CocoaPods installation.\" >&2\n    exit 1\nfi\n# This output is used by Xcode 'outputs' to avoid re-running this script phase.\necho \"SUCCESS\" > \"${SCRIPT_OUTPUT_FILE_0}\"\n";
			showEnvVarsInLog = 0;
		};
/* End PBXShellScriptBuildPhase section */

/* Begin PBXSourcesBuildPhase section */
		9D3BA51D257417D300E866A6 /* Sources */ = {
			isa = PBXSourcesBuildPhase;
			buildActionMask = 2147483647;
			files = (
				9D3BA529257417D300E866A6 /* ViewController.swift in Sources */,
				9D3A1CB125B0551C0064B9F0 /* NewMateriViewController.swift in Sources */,
				9DC8246C25B2FEAD00F7357C /* ReaksiTableViewCell.swift in Sources */,
				9D3BA525257417D300E866A6 /* AppDelegate.swift in Sources */,
				9D6F8384258FC87000FB4821 /* ARChemy.xcdatamodeld in Sources */,
				9D3A1C9725B02FA30064B9F0 /* Question.swift in Sources */,
				9DCF6C0F25741B87001B55D4 /* InitViewController.swift in Sources */,
				9D3A1C9325B02E6C0064B9F0 /* Teacher.swift in Sources */,
				9D3A1C5425AD6A230064B9F0 /* DescriptionViewController.swift in Sources */,
				9D3A1C5325AD6A230064B9F0 /* Description.swift in Sources */,
				9DCF6C0725741B72001B55D4 /* ARView.swift in Sources */,
				9D3A1CA825B042FB0064B9F0 /* AdminHomeViewController.swift in Sources */,
				756D5D8B25A974720028BD33 /* LatihanViewController.swift in Sources */,
				9D3A1C9A25B0324F0064B9F0 /* Material.swift in Sources */,
				7532C9FB25B2C5E200923D94 /* TabBarViewController.swift in Sources */,
				9D3A1CAB25B045C10064B9F0 /* NewLatihanViewController.swift in Sources */,
				9D5ACEDD25B1B79800C76623 /* QuizzViewController.swift in Sources */,
				756D5D9925A9787D0028BD33 /* MateriViewController.swift in Sources */,
				756D5D8825A972630028BD33 /* ARModeViewController.swift in Sources */,
				9D5ACEDA25B1AA4C00C76623 /* ContentMateriViewController.swift in Sources */,
				9D3A1CA425B035230064B9F0 /* LoginViewController.swift in Sources */,
				9D2F875925B1E32600D54C30 /* OnboardingViewController.swift in Sources */,
				9D67134425A87F8A00935A60 /* ElementModel.swift in Sources */,
				756D5D8F25A974950028BD33 /* LatihanTableViewCell.swift in Sources */,
				9D6F83872590581C00FB4821 /* Helper.swift in Sources */,
				756D5D9525A9786B0028BD33 /* MateriTableViewCell.swift in Sources */,
			);
			runOnlyForDeploymentPostprocessing = 0;
		};
/* End PBXSourcesBuildPhase section */

/* Begin PBXVariantGroup section */
		9D3BA52A257417D300E866A6 /* Main.storyboard */ = {
			isa = PBXVariantGroup;
			children = (
				9D3BA52B257417D300E866A6 /* Base */,
			);
			name = Main.storyboard;
			sourceTree = "<group>";
		};
		9D3BA52F257417D400E866A6 /* LaunchScreen.storyboard */ = {
			isa = PBXVariantGroup;
			children = (
				9D3BA530257417D400E866A6 /* Base */,
			);
			name = LaunchScreen.storyboard;
			sourceTree = "<group>";
		};
/* End PBXVariantGroup section */

/* Begin XCBuildConfiguration section */
		9D3BA533257417D400E866A6 /* Debug */ = {
			isa = XCBuildConfiguration;
			buildSettings = {
				ALWAYS_SEARCH_USER_PATHS = NO;
				CLANG_ANALYZER_NONNULL = YES;
				CLANG_ANALYZER_NUMBER_OBJECT_CONVERSION = YES_AGGRESSIVE;
				CLANG_CXX_LANGUAGE_STANDARD = "gnu++14";
				CLANG_CXX_LIBRARY = "libc++";
				CLANG_ENABLE_MODULES = YES;
				CLANG_ENABLE_OBJC_ARC = YES;
				CLANG_ENABLE_OBJC_WEAK = YES;
				CLANG_WARN_BLOCK_CAPTURE_AUTORELEASING = YES;
				CLANG_WARN_BOOL_CONVERSION = YES;
				CLANG_WARN_COMMA = YES;
				CLANG_WARN_CONSTANT_CONVERSION = YES;
				CLANG_WARN_DEPRECATED_OBJC_IMPLEMENTATIONS = YES;
				CLANG_WARN_DIRECT_OBJC_ISA_USAGE = YES_ERROR;
				CLANG_WARN_DOCUMENTATION_COMMENTS = YES;
				CLANG_WARN_EMPTY_BODY = YES;
				CLANG_WARN_ENUM_CONVERSION = YES;
				CLANG_WARN_INFINITE_RECURSION = YES;
				CLANG_WARN_INT_CONVERSION = YES;
				CLANG_WARN_NON_LITERAL_NULL_CONVERSION = YES;
				CLANG_WARN_OBJC_IMPLICIT_RETAIN_SELF = YES;
				CLANG_WARN_OBJC_LITERAL_CONVERSION = YES;
				CLANG_WARN_OBJC_ROOT_CLASS = YES_ERROR;
				CLANG_WARN_QUOTED_INCLUDE_IN_FRAMEWORK_HEADER = YES;
				CLANG_WARN_RANGE_LOOP_ANALYSIS = YES;
				CLANG_WARN_STRICT_PROTOTYPES = YES;
				CLANG_WARN_SUSPICIOUS_MOVE = YES;
				CLANG_WARN_UNGUARDED_AVAILABILITY = YES_AGGRESSIVE;
				CLANG_WARN_UNREACHABLE_CODE = YES;
				CLANG_WARN__DUPLICATE_METHOD_MATCH = YES;
				COPY_PHASE_STRIP = NO;
				DEBUG_INFORMATION_FORMAT = dwarf;
				ENABLE_STRICT_OBJC_MSGSEND = YES;
				ENABLE_TESTABILITY = YES;
				GCC_C_LANGUAGE_STANDARD = gnu11;
				GCC_DYNAMIC_NO_PIC = NO;
				GCC_NO_COMMON_BLOCKS = YES;
				GCC_OPTIMIZATION_LEVEL = 0;
				GCC_PREPROCESSOR_DEFINITIONS = (
					"DEBUG=1",
					"$(inherited)",
				);
				GCC_WARN_64_TO_32_BIT_CONVERSION = YES;
				GCC_WARN_ABOUT_RETURN_TYPE = YES_ERROR;
				GCC_WARN_UNDECLARED_SELECTOR = YES;
				GCC_WARN_UNINITIALIZED_AUTOS = YES_AGGRESSIVE;
				GCC_WARN_UNUSED_FUNCTION = YES;
				GCC_WARN_UNUSED_VARIABLE = YES;
				IPHONEOS_DEPLOYMENT_TARGET = 14.0;
				MTL_ENABLE_DEBUG_INFO = INCLUDE_SOURCE;
				MTL_FAST_MATH = YES;
				ONLY_ACTIVE_ARCH = YES;
				SDKROOT = iphoneos;
				SWIFT_ACTIVE_COMPILATION_CONDITIONS = DEBUG;
				SWIFT_OPTIMIZATION_LEVEL = "-Onone";
			};
			name = Debug;
		};
		9D3BA534257417D400E866A6 /* Release */ = {
			isa = XCBuildConfiguration;
			buildSettings = {
				ALWAYS_SEARCH_USER_PATHS = NO;
				CLANG_ANALYZER_NONNULL = YES;
				CLANG_ANALYZER_NUMBER_OBJECT_CONVERSION = YES_AGGRESSIVE;
				CLANG_CXX_LANGUAGE_STANDARD = "gnu++14";
				CLANG_CXX_LIBRARY = "libc++";
				CLANG_ENABLE_MODULES = YES;
				CLANG_ENABLE_OBJC_ARC = YES;
				CLANG_ENABLE_OBJC_WEAK = YES;
				CLANG_WARN_BLOCK_CAPTURE_AUTORELEASING = YES;
				CLANG_WARN_BOOL_CONVERSION = YES;
				CLANG_WARN_COMMA = YES;
				CLANG_WARN_CONSTANT_CONVERSION = YES;
				CLANG_WARN_DEPRECATED_OBJC_IMPLEMENTATIONS = YES;
				CLANG_WARN_DIRECT_OBJC_ISA_USAGE = YES_ERROR;
				CLANG_WARN_DOCUMENTATION_COMMENTS = YES;
				CLANG_WARN_EMPTY_BODY = YES;
				CLANG_WARN_ENUM_CONVERSION = YES;
				CLANG_WARN_INFINITE_RECURSION = YES;
				CLANG_WARN_INT_CONVERSION = YES;
				CLANG_WARN_NON_LITERAL_NULL_CONVERSION = YES;
				CLANG_WARN_OBJC_IMPLICIT_RETAIN_SELF = YES;
				CLANG_WARN_OBJC_LITERAL_CONVERSION = YES;
				CLANG_WARN_OBJC_ROOT_CLASS = YES_ERROR;
				CLANG_WARN_QUOTED_INCLUDE_IN_FRAMEWORK_HEADER = YES;
				CLANG_WARN_RANGE_LOOP_ANALYSIS = YES;
				CLANG_WARN_STRICT_PROTOTYPES = YES;
				CLANG_WARN_SUSPICIOUS_MOVE = YES;
				CLANG_WARN_UNGUARDED_AVAILABILITY = YES_AGGRESSIVE;
				CLANG_WARN_UNREACHABLE_CODE = YES;
				CLANG_WARN__DUPLICATE_METHOD_MATCH = YES;
				COPY_PHASE_STRIP = NO;
				DEBUG_INFORMATION_FORMAT = "dwarf-with-dsym";
				ENABLE_NS_ASSERTIONS = NO;
				ENABLE_STRICT_OBJC_MSGSEND = YES;
				GCC_C_LANGUAGE_STANDARD = gnu11;
				GCC_NO_COMMON_BLOCKS = YES;
				GCC_WARN_64_TO_32_BIT_CONVERSION = YES;
				GCC_WARN_ABOUT_RETURN_TYPE = YES_ERROR;
				GCC_WARN_UNDECLARED_SELECTOR = YES;
				GCC_WARN_UNINITIALIZED_AUTOS = YES_AGGRESSIVE;
				GCC_WARN_UNUSED_FUNCTION = YES;
				GCC_WARN_UNUSED_VARIABLE = YES;
				IPHONEOS_DEPLOYMENT_TARGET = 14.0;
				MTL_ENABLE_DEBUG_INFO = NO;
				MTL_FAST_MATH = YES;
				SDKROOT = iphoneos;
				SWIFT_COMPILATION_MODE = wholemodule;
				SWIFT_OPTIMIZATION_LEVEL = "-O";
				VALIDATE_PRODUCT = YES;
			};
			name = Release;
		};
		9D3BA536257417D400E866A6 /* Debug */ = {
			isa = XCBuildConfiguration;
			baseConfigurationReference = F86D4C6AF6C3C6F875F7D0A2 /* Pods-ARChemy.debug.xcconfig */;
			buildSettings = {
				ASSETCATALOG_COMPILER_APPICON_NAME = AppIcon;
				ASSETCATALOG_COMPILER_GLOBAL_ACCENT_COLOR_NAME = AccentColor;
				CODE_SIGN_ENTITLEMENTS = ARChemy/ARChemy.entitlements;
				CODE_SIGN_STYLE = Automatic;
				DEVELOPMENT_TEAM = Z9N2TD73TY;
				INFOPLIST_FILE = ARChemy/Info.plist;
				LD_RUNPATH_SEARCH_PATHS = (
					"$(inherited)",
					"@executable_path/Frameworks",
				);
				PRODUCT_BUNDLE_IDENTIFIER = com.ici.ARChemyz;
				PRODUCT_NAME = "$(TARGET_NAME)";
				SWIFT_VERSION = 5.0;
				TARGETED_DEVICE_FAMILY = "1,2";
			};
			name = Debug;
		};
		9D3BA537257417D400E866A6 /* Release */ = {
			isa = XCBuildConfiguration;
			baseConfigurationReference = 4E28D05844775AA6A5E0C738 /* Pods-ARChemy.release.xcconfig */;
			buildSettings = {
				ASSETCATALOG_COMPILER_APPICON_NAME = AppIcon;
				ASSETCATALOG_COMPILER_GLOBAL_ACCENT_COLOR_NAME = AccentColor;
				CODE_SIGN_ENTITLEMENTS = ARChemy/ARChemy.entitlements;
				CODE_SIGN_STYLE = Automatic;
				DEVELOPMENT_TEAM = Z9N2TD73TY;
				INFOPLIST_FILE = ARChemy/Info.plist;
				LD_RUNPATH_SEARCH_PATHS = (
					"$(inherited)",
					"@executable_path/Frameworks",
				);
				PRODUCT_BUNDLE_IDENTIFIER = com.ici.ARChemyz;
				PRODUCT_NAME = "$(TARGET_NAME)";
				SWIFT_VERSION = 5.0;
				TARGETED_DEVICE_FAMILY = "1,2";
			};
			name = Release;
		};
/* End XCBuildConfiguration section */

/* Begin XCConfigurationList section */
		9D3BA51C257417D300E866A6 /* Build configuration list for PBXProject "ARChemy" */ = {
			isa = XCConfigurationList;
			buildConfigurations = (
				9D3BA533257417D400E866A6 /* Debug */,
				9D3BA534257417D400E866A6 /* Release */,
			);
			defaultConfigurationIsVisible = 0;
			defaultConfigurationName = Release;
		};
		9D3BA535257417D400E866A6 /* Build configuration list for PBXNativeTarget "ARChemy" */ = {
			isa = XCConfigurationList;
			buildConfigurations = (
				9D3BA536257417D400E866A6 /* Debug */,
				9D3BA537257417D400E866A6 /* Release */,
			);
			defaultConfigurationIsVisible = 0;
			defaultConfigurationName = Release;
		};
/* End XCConfigurationList section */

/* Begin XCVersionGroup section */
		9D6F8382258FC87000FB4821 /* ARChemy.xcdatamodeld */ = {
			isa = XCVersionGroup;
			children = (
				9D6F8383258FC87000FB4821 /* ARChemy.xcdatamodel */,
			);
			currentVersion = 9D6F8383258FC87000FB4821 /* ARChemy.xcdatamodel */;
			path = ARChemy.xcdatamodeld;
			sourceTree = "<group>";
			versionGroupType = wrapper.xcdatamodel;
		};
/* End XCVersionGroup section */
	};
	rootObject = 9D3BA519257417D300E866A6 /* Project object */;
}
